
Microsoft Visual Studio Solution File, Format Version 12.00
# Visual Studio 15
VisualStudioVersion = 15.0.28307.102
MinimumVisualStudioVersion = 10.0.40219.1
Project("{FAE04EC0-301F-11D3-BF4B-00C04F79EFBC}") = "WebApplication111", "WebApplication111\WebApplication111.csproj", "{BB9E5C13-986E-4E02-A341-C58AA5687A9E}"
EndProject
Global
	GlobalSection(SolutionConfigurationPlatforms) = preSolution
		Debug|Any CPU = Debug|Any CPU
		Release|Any CPU = Release|Any CPU
	EndGlobalSection
	GlobalSection(ProjectConfigurationPlatforms) = postSolution
		{BB9E5C13-986E-4E02-A341-C58AA5687A9E}.Debug|Any CPU.ActiveCfg = Debug|Any CPU
		{BB9E5C13-986E-4E02-A341-C58AA5687A9E}.Debug|Any CPU.Build.0 = Debug|Any CPU
		{BB9E5C13-986E-4E02-A341-C58AA5687A9E}.Release|Any CPU.ActiveCfg = Release|Any CPU
		{BB9E5C13-986E-4E02-A341-C58AA5687A9E}.Release|Any CPU.Build.0 = Release|Any CPU
	EndGlobalSection
	GlobalSection(SolutionProperties) = preSolution
		HideSolutionNode = FALSE
	EndGlobalSection
	GlobalSection(ExtensibilityGlobals) = postSolution
		SolutionGuid = {22986225-70C9-4C25-9599-2A52985A34D0}
	EndGlobalSection
EndGlobal
